// !$*UTF8*$!
{
	archiveVersion = 1;
	classes = {
	};
	objectVersion = 51;
	objects = {

/* Begin PBXBuildFile section */
		1CB809E158BAE453671BDCE0 /* Pods_Flix.framework in Frameworks */ = {isa = PBXBuildFile; fileRef = 3F769597A081448CE7868D12 /* Pods_Flix.framework */; };
		513FD2B026838DA3000BDA12 /* AppDelegate.m in Sources */ = {isa = PBXBuildFile; fileRef = 513FD2AF26838DA3000BDA12 /* AppDelegate.m */; };
		513FD2B326838DA3000BDA12 /* SceneDelegate.m in Sources */ = {isa = PBXBuildFile; fileRef = 513FD2B226838DA3000BDA12 /* SceneDelegate.m */; };
		513FD2B926838DA3000BDA12 /* Main.storyboard in Resources */ = {isa = PBXBuildFile; fileRef = 513FD2B726838DA3000BDA12 /* Main.storyboard */; };
		513FD2BB26838DA4000BDA12 /* Assets.xcassets in Resources */ = {isa = PBXBuildFile; fileRef = 513FD2BA26838DA4000BDA12 /* Assets.xcassets */; };
		513FD2BE26838DA4000BDA12 /* LaunchScreen.storyboard in Resources */ = {isa = PBXBuildFile; fileRef = 513FD2BC26838DA4000BDA12 /* LaunchScreen.storyboard */; };
		513FD2C126838DA4000BDA12 /* main.m in Sources */ = {isa = PBXBuildFile; fileRef = 513FD2C026838DA4000BDA12 /* main.m */; };
		513FD2CB26838DA4000BDA12 /* FlixTests.m in Sources */ = {isa = PBXBuildFile; fileRef = 513FD2CA26838DA4000BDA12 /* FlixTests.m */; };
		513FD2D626838DA4000BDA12 /* FlixUITests.m in Sources */ = {isa = PBXBuildFile; fileRef = 513FD2D526838DA4000BDA12 /* FlixUITests.m */; };
		513FD2E5268396EC000BDA12 /* MoviesViewController.m in Sources */ = {isa = PBXBuildFile; fileRef = 513FD2E4268396EC000BDA12 /* MoviesViewController.m */; };
		513FD2EE2683A583000BDA12 /* MovieCell.m in Sources */ = {isa = PBXBuildFile; fileRef = 513FD2ED2683A583000BDA12 /* MovieCell.m */; };
		513FD2F12683D563000BDA12 /* DetailsViewController.m in Sources */ = {isa = PBXBuildFile; fileRef = 513FD2F02683D563000BDA12 /* DetailsViewController.m */; };
		C8AAE25939FA0A5ACFE9DD57 /* Pods_Flix_FlixUITests.framework in Frameworks */ = {isa = PBXBuildFile; fileRef = 3EEDF9F0FB44F1410ED31059 /* Pods_Flix_FlixUITests.framework */; };
		FE6F9E4609484C8E0F08CB2C /* Pods_FlixTests.framework in Frameworks */ = {isa = PBXBuildFile; fileRef = 36FED05819232F9BCB714518 /* Pods_FlixTests.framework */; };
/* End PBXBuildFile section */

/* Begin PBXContainerItemProxy section */
		513FD2C726838DA4000BDA12 /* PBXContainerItemProxy */ = {
			isa = PBXContainerItemProxy;
			containerPortal = 513FD2A326838DA3000BDA12 /* Project object */;
			proxyType = 1;
			remoteGlobalIDString = 513FD2AA26838DA3000BDA12;
			remoteInfo = Flix;
		};
		513FD2D226838DA4000BDA12 /* PBXContainerItemProxy */ = {
			isa = PBXContainerItemProxy;
			containerPortal = 513FD2A326838DA3000BDA12 /* Project object */;
			proxyType = 1;
			remoteGlobalIDString = 513FD2AA26838DA3000BDA12;
			remoteInfo = Flix;
		};
/* End PBXContainerItemProxy section */

/* Begin PBXFileReference section */
		0B0ECBA2C8B16E9893579CE2 /* Pods-Flix.debug.xcconfig */ = {isa = PBXFileReference; includeInIndex = 1; lastKnownFileType = text.xcconfig; name = "Pods-Flix.debug.xcconfig"; path = "Target Support Files/Pods-Flix/Pods-Flix.debug.xcconfig"; sourceTree = "<group>"; };
		15E7D8A9B697B8D781AED462 /* Pods-FlixTests.release.xcconfig */ = {isa = PBXFileReference; includeInIndex = 1; lastKnownFileType = text.xcconfig; name = "Pods-FlixTests.release.xcconfig"; path = "Target Support Files/Pods-FlixTests/Pods-FlixTests.release.xcconfig"; sourceTree = "<group>"; };
		204D8B60707AAB44AFF65C8A /* Pods-Flix.release.xcconfig */ = {isa = PBXFileReference; includeInIndex = 1; lastKnownFileType = text.xcconfig; name = "Pods-Flix.release.xcconfig"; path = "Target Support Files/Pods-Flix/Pods-Flix.release.xcconfig"; sourceTree = "<group>"; };
		36FED05819232F9BCB714518 /* Pods_FlixTests.framework */ = {isa = PBXFileReference; explicitFileType = wrapper.framework; includeInIndex = 0; path = Pods_FlixTests.framework; sourceTree = BUILT_PRODUCTS_DIR; };
		3EEDF9F0FB44F1410ED31059 /* Pods_Flix_FlixUITests.framework */ = {isa = PBXFileReference; explicitFileType = wrapper.framework; includeInIndex = 0; path = Pods_Flix_FlixUITests.framework; sourceTree = BUILT_PRODUCTS_DIR; };
		3F769597A081448CE7868D12 /* Pods_Flix.framework */ = {isa = PBXFileReference; explicitFileType = wrapper.framework; includeInIndex = 0; path = Pods_Flix.framework; sourceTree = BUILT_PRODUCTS_DIR; };
		4E40FECBDC328AC3ADE5F6CC /* Pods-Flix-FlixUITests.debug.xcconfig */ = {isa = PBXFileReference; includeInIndex = 1; lastKnownFileType = text.xcconfig; name = "Pods-Flix-FlixUITests.debug.xcconfig"; path = "Target Support Files/Pods-Flix-FlixUITests/Pods-Flix-FlixUITests.debug.xcconfig"; sourceTree = "<group>"; };
		513FD2AB26838DA3000BDA12 /* Flix.app */ = {isa = PBXFileReference; explicitFileType = wrapper.application; includeInIndex = 0; path = Flix.app; sourceTree = BUILT_PRODUCTS_DIR; };
		513FD2AE26838DA3000BDA12 /* AppDelegate.h */ = {isa = PBXFileReference; lastKnownFileType = sourcecode.c.h; path = AppDelegate.h; sourceTree = "<group>"; };
		513FD2AF26838DA3000BDA12 /* AppDelegate.m */ = {isa = PBXFileReference; lastKnownFileType = sourcecode.c.objc; path = AppDelegate.m; sourceTree = "<group>"; };
		513FD2B126838DA3000BDA12 /* SceneDelegate.h */ = {isa = PBXFileReference; lastKnownFileType = sourcecode.c.h; path = SceneDelegate.h; sourceTree = "<group>"; };
		513FD2B226838DA3000BDA12 /* SceneDelegate.m */ = {isa = PBXFileReference; lastKnownFileType = sourcecode.c.objc; path = SceneDelegate.m; sourceTree = "<group>"; };
		513FD2B826838DA3000BDA12 /* Base */ = {isa = PBXFileReference; lastKnownFileType = file.storyboard; name = Base; path = Base.lproj/Main.storyboard; sourceTree = "<group>"; };
		513FD2BA26838DA4000BDA12 /* Assets.xcassets */ = {isa = PBXFileReference; lastKnownFileType = folder.assetcatalog; path = Assets.xcassets; sourceTree = "<group>"; };
		513FD2BD26838DA4000BDA12 /* Base */ = {isa = PBXFileReference; lastKnownFileType = file.storyboard; name = Base; path = Base.lproj/LaunchScreen.storyboard; sourceTree = "<group>"; };
		513FD2BF26838DA4000BDA12 /* Info.plist */ = {isa = PBXFileReference; lastKnownFileType = text.plist.xml; path = Info.plist; sourceTree = "<group>"; };
		513FD2C026838DA4000BDA12 /* main.m */ = {isa = PBXFileReference; lastKnownFileType = sourcecode.c.objc; path = main.m; sourceTree = "<group>"; };
		513FD2C626838DA4000BDA12 /* FlixTests.xctest */ = {isa = PBXFileReference; explicitFileType = wrapper.cfbundle; includeInIndex = 0; path = FlixTests.xctest; sourceTree = BUILT_PRODUCTS_DIR; };
		513FD2CA26838DA4000BDA12 /* FlixTests.m */ = {isa = PBXFileReference; lastKnownFileType = sourcecode.c.objc; path = FlixTests.m; sourceTree = "<group>"; };
		513FD2CC26838DA4000BDA12 /* Info.plist */ = {isa = PBXFileReference; lastKnownFileType = text.plist.xml; path = Info.plist; sourceTree = "<group>"; };
		513FD2D126838DA4000BDA12 /* FlixUITests.xctest */ = {isa = PBXFileReference; explicitFileType = wrapper.cfbundle; includeInIndex = 0; path = FlixUITests.xctest; sourceTree = BUILT_PRODUCTS_DIR; };
		513FD2D526838DA4000BDA12 /* FlixUITests.m */ = {isa = PBXFileReference; lastKnownFileType = sourcecode.c.objc; path = FlixUITests.m; sourceTree = "<group>"; };
		513FD2D726838DA4000BDA12 /* Info.plist */ = {isa = PBXFileReference; lastKnownFileType = text.plist.xml; path = Info.plist; sourceTree = "<group>"; };
		513FD2E3268396EC000BDA12 /* MoviesViewController.h */ = {isa = PBXFileReference; lastKnownFileType = sourcecode.c.h; path = MoviesViewController.h; sourceTree = "<group>"; };
		513FD2E4268396EC000BDA12 /* MoviesViewController.m */ = {isa = PBXFileReference; lastKnownFileType = sourcecode.c.objc; path = MoviesViewController.m; sourceTree = "<group>"; };
		513FD2EC2683A583000BDA12 /* MovieCell.h */ = {isa = PBXFileReference; lastKnownFileType = sourcecode.c.h; path = MovieCell.h; sourceTree = "<group>"; };
		513FD2ED2683A583000BDA12 /* MovieCell.m */ = {isa = PBXFileReference; lastKnownFileType = sourcecode.c.objc; path = MovieCell.m; sourceTree = "<group>"; };
		513FD2EF2683D563000BDA12 /* DetailsViewController.h */ = {isa = PBXFileReference; lastKnownFileType = sourcecode.c.h; path = DetailsViewController.h; sourceTree = "<group>"; };
		513FD2F02683D563000BDA12 /* DetailsViewController.m */ = {isa = PBXFileReference; lastKnownFileType = sourcecode.c.objc; path = DetailsViewController.m; sourceTree = "<group>"; };
		5D41BFAFBD6C15D52003A319 /* Pods-Flix-FlixUITests.release.xcconfig */ = {isa = PBXFileReference; includeInIndex = 1; lastKnownFileType = text.xcconfig; name = "Pods-Flix-FlixUITests.release.xcconfig"; path = "Target Support Files/Pods-Flix-FlixUITests/Pods-Flix-FlixUITests.release.xcconfig"; sourceTree = "<group>"; };
		D7EF9C3F2ECC47710B38876F /* Pods-FlixTests.debug.xcconfig */ = {isa = PBXFileReference; includeInIndex = 1; lastKnownFileType = text.xcconfig; name = "Pods-FlixTests.debug.xcconfig"; path = "Target Support Files/Pods-FlixTests/Pods-FlixTests.debug.xcconfig"; sourceTree = "<group>"; };
/* End PBXFileReference section */

/* Begin PBXFrameworksBuildPhase section */
		513FD2A826838DA3000BDA12 /* Frameworks */ = {
			isa = PBXFrameworksBuildPhase;
			buildActionMask = 2147483647;
			files = (
				1CB809E158BAE453671BDCE0 /* Pods_Flix.framework in Frameworks */,
			);
			runOnlyForDeploymentPostprocessing = 0;
		};
		513FD2C326838DA4000BDA12 /* Frameworks */ = {
			isa = PBXFrameworksBuildPhase;
			buildActionMask = 2147483647;
			files = (
				FE6F9E4609484C8E0F08CB2C /* Pods_FlixTests.framework in Frameworks */,
			);
			runOnlyForDeploymentPostprocessing = 0;
		};
		513FD2CE26838DA4000BDA12 /* Frameworks */ = {
			isa = PBXFrameworksBuildPhase;
			buildActionMask = 2147483647;
			files = (
				C8AAE25939FA0A5ACFE9DD57 /* Pods_Flix_FlixUITests.framework in Frameworks */,
			);
			runOnlyForDeploymentPostprocessing = 0;
		};
/* End PBXFrameworksBuildPhase section */

/* Begin PBXGroup section */
		513FD2A226838DA3000BDA12 = {
			isa = PBXGroup;
			children = (
				513FD2AD26838DA3000BDA12 /* Flix */,
				513FD2C926838DA4000BDA12 /* FlixTests */,
				513FD2D426838DA4000BDA12 /* FlixUITests */,
				513FD2AC26838DA3000BDA12 /* Products */,
				81922B6559873D07714D6E80 /* Pods */,
				BC41AACE20690C12CC2B52F1 /* Frameworks */,
			);
			sourceTree = "<group>";
		};
		513FD2AC26838DA3000BDA12 /* Products */ = {
			isa = PBXGroup;
			children = (
				513FD2AB26838DA3000BDA12 /* Flix.app */,
				513FD2C626838DA4000BDA12 /* FlixTests.xctest */,
				513FD2D126838DA4000BDA12 /* FlixUITests.xctest */,
			);
			name = Products;
			sourceTree = "<group>";
		};
		513FD2AD26838DA3000BDA12 /* Flix */ = {
			isa = PBXGroup;
			children = (
				513FD2E8268397BD000BDA12 /* Models */,
				513FD2E7268397B8000BDA12 /* Views */,
				513FD2E6268397AF000BDA12 /* View Controllers */,
				513FD2AE26838DA3000BDA12 /* AppDelegate.h */,
				513FD2AF26838DA3000BDA12 /* AppDelegate.m */,
				513FD2B126838DA3000BDA12 /* SceneDelegate.h */,
				513FD2B226838DA3000BDA12 /* SceneDelegate.m */,
				513FD2B726838DA3000BDA12 /* Main.storyboard */,
				513FD2BA26838DA4000BDA12 /* Assets.xcassets */,
				513FD2BC26838DA4000BDA12 /* LaunchScreen.storyboard */,
				513FD2BF26838DA4000BDA12 /* Info.plist */,
				513FD2C026838DA4000BDA12 /* main.m */,
			);
			path = Flix;
			sourceTree = "<group>";
		};
		513FD2C926838DA4000BDA12 /* FlixTests */ = {
			isa = PBXGroup;
			children = (
				513FD2CA26838DA4000BDA12 /* FlixTests.m */,
				513FD2CC26838DA4000BDA12 /* Info.plist */,
			);
			path = FlixTests;
			sourceTree = "<group>";
		};
		513FD2D426838DA4000BDA12 /* FlixUITests */ = {
			isa = PBXGroup;
			children = (
				513FD2D526838DA4000BDA12 /* FlixUITests.m */,
				513FD2D726838DA4000BDA12 /* Info.plist */,
			);
			path = FlixUITests;
			sourceTree = "<group>";
		};
		513FD2E6268397AF000BDA12 /* View Controllers */ = {
			isa = PBXGroup;
			children = (
				513FD2EF2683D563000BDA12 /* DetailsViewController.h */,
				513FD2F02683D563000BDA12 /* DetailsViewController.m */,
				513FD2E3268396EC000BDA12 /* MoviesViewController.h */,
				513FD2E4268396EC000BDA12 /* MoviesViewController.m */,
			);
			path = "View Controllers";
			sourceTree = "<group>";
		};
		513FD2E7268397B8000BDA12 /* Views */ = {
			isa = PBXGroup;
			children = (
				513FD2EC2683A583000BDA12 /* MovieCell.h */,
				513FD2ED2683A583000BDA12 /* MovieCell.m */,
			);
			path = Views;
			sourceTree = "<group>";
		};
		513FD2E8268397BD000BDA12 /* Models */ = {
			isa = PBXGroup;
			children = (
			);
			path = Models;
			sourceTree = "<group>";
		};
		81922B6559873D07714D6E80 /* Pods */ = {
			isa = PBXGroup;
			children = (
				0B0ECBA2C8B16E9893579CE2 /* Pods-Flix.debug.xcconfig */,
				204D8B60707AAB44AFF65C8A /* Pods-Flix.release.xcconfig */,
				4E40FECBDC328AC3ADE5F6CC /* Pods-Flix-FlixUITests.debug.xcconfig */,
				5D41BFAFBD6C15D52003A319 /* Pods-Flix-FlixUITests.release.xcconfig */,
				D7EF9C3F2ECC47710B38876F /* Pods-FlixTests.debug.xcconfig */,
				15E7D8A9B697B8D781AED462 /* Pods-FlixTests.release.xcconfig */,
			);
			path = Pods;
			sourceTree = "<group>";
		};
		BC41AACE20690C12CC2B52F1 /* Frameworks */ = {
			isa = PBXGroup;
			children = (
				3F769597A081448CE7868D12 /* Pods_Flix.framework */,
				3EEDF9F0FB44F1410ED31059 /* Pods_Flix_FlixUITests.framework */,
				36FED05819232F9BCB714518 /* Pods_FlixTests.framework */,
			);
			name = Frameworks;
			sourceTree = "<group>";
		};
/* End PBXGroup section */

/* Begin PBXNativeTarget section */
		513FD2AA26838DA3000BDA12 /* Flix */ = {
			isa = PBXNativeTarget;
			buildConfigurationList = 513FD2DA26838DA4000BDA12 /* Build configuration list for PBXNativeTarget "Flix" */;
			buildPhases = (
				6B9EA3EADF38B05CE6403D6D /* [CP] Check Pods Manifest.lock */,
				513FD2A726838DA3000BDA12 /* Sources */,
				513FD2A826838DA3000BDA12 /* Frameworks */,
				513FD2A926838DA3000BDA12 /* Resources */,
				4D6EF5AF831D3B6ECCCB7F95 /* [CP] Embed Pods Frameworks */,
			);
			buildRules = (
			);
			dependencies = (
			);
			name = Flix;
			productName = Flix;
			productReference = 513FD2AB26838DA3000BDA12 /* Flix.app */;
			productType = "com.apple.product-type.application";
		};
		513FD2C526838DA4000BDA12 /* FlixTests */ = {
			isa = PBXNativeTarget;
			buildConfigurationList = 513FD2DD26838DA4000BDA12 /* Build configuration list for PBXNativeTarget "FlixTests" */;
			buildPhases = (
				45F0FB762F079E0BDADF645B /* [CP] Check Pods Manifest.lock */,
				513FD2C226838DA4000BDA12 /* Sources */,
				513FD2C326838DA4000BDA12 /* Frameworks */,
				513FD2C426838DA4000BDA12 /* Resources */,
			);
			buildRules = (
			);
			dependencies = (
				513FD2C826838DA4000BDA12 /* PBXTargetDependency */,
			);
			name = FlixTests;
			productName = FlixTests;
			productReference = 513FD2C626838DA4000BDA12 /* FlixTests.xctest */;
			productType = "com.apple.product-type.bundle.unit-test";
		};
		513FD2D026838DA4000BDA12 /* FlixUITests */ = {
			isa = PBXNativeTarget;
			buildConfigurationList = 513FD2E026838DA4000BDA12 /* Build configuration list for PBXNativeTarget "FlixUITests" */;
			buildPhases = (
				D145896E9CAA1667AD4F0A45 /* [CP] Check Pods Manifest.lock */,
				513FD2CD26838DA4000BDA12 /* Sources */,
				513FD2CE26838DA4000BDA12 /* Frameworks */,
				513FD2CF26838DA4000BDA12 /* Resources */,
				C6EFD3A2D847ECA302C9C5DC /* [CP] Embed Pods Frameworks */,
			);
			buildRules = (
			);
			dependencies = (
				513FD2D326838DA4000BDA12 /* PBXTargetDependency */,
			);
			name = FlixUITests;
			productName = FlixUITests;
			productReference = 513FD2D126838DA4000BDA12 /* FlixUITests.xctest */;
			productType = "com.apple.product-type.bundle.ui-testing";
		};
/* End PBXNativeTarget section */

/* Begin PBXProject section */
		513FD2A326838DA3000BDA12 /* Project object */ = {
			isa = PBXProject;
			attributes = {
				LastUpgradeCheck = 1250;
				TargetAttributes = {
					513FD2AA26838DA3000BDA12 = {
						CreatedOnToolsVersion = 12.5.1;
					};
					513FD2C526838DA4000BDA12 = {
						CreatedOnToolsVersion = 12.5.1;
						TestTargetID = 513FD2AA26838DA3000BDA12;
					};
					513FD2D026838DA4000BDA12 = {
						CreatedOnToolsVersion = 12.5.1;
						TestTargetID = 513FD2AA26838DA3000BDA12;
					};
				};
			};
			buildConfigurationList = 513FD2A626838DA3000BDA12 /* Build configuration list for PBXProject "Flix" */;
			compatibilityVersion = "Xcode 9.3";
			developmentRegion = en;
			hasScannedForEncodings = 0;
			knownRegions = (
				en,
				Base,
			);
			mainGroup = 513FD2A226838DA3000BDA12;
			productRefGroup = 513FD2AC26838DA3000BDA12 /* Products */;
			projectDirPath = "";
			projectRoot = "";
			targets = (
				513FD2AA26838DA3000BDA12 /* Flix */,
				513FD2C526838DA4000BDA12 /* FlixTests */,
				513FD2D026838DA4000BDA12 /* FlixUITests */,
			);
		};
/* End PBXProject section */

/* Begin PBXResourcesBuildPhase section */
		513FD2A926838DA3000BDA12 /* Resources */ = {
			isa = PBXResourcesBuildPhase;
			buildActionMask = 2147483647;
			files = (
				513FD2BE26838DA4000BDA12 /* LaunchScreen.storyboard in Resources */,
				513FD2BB26838DA4000BDA12 /* Assets.xcassets in Resources */,
				513FD2B926838DA3000BDA12 /* Main.storyboard in Resources */,
			);
			runOnlyForDeploymentPostprocessing = 0;
		};
		513FD2C426838DA4000BDA12 /* Resources */ = {
			isa = PBXResourcesBuildPhase;
			buildActionMask = 2147483647;
			files = (
			);
			runOnlyForDeploymentPostprocessing = 0;
		};
		513FD2CF26838DA4000BDA12 /* Resources */ = {
			isa = PBXResourcesBuildPhase;
			buildActionMask = 2147483647;
			files = (
			);
			runOnlyForDeploymentPostprocessing = 0;
		};
/* End PBXResourcesBuildPhase section */

/* Begin PBXShellScriptBuildPhase section */
		45F0FB762F079E0BDADF645B /* [CP] Check Pods Manifest.lock */ = {
			isa = PBXShellScriptBuildPhase;
			buildActionMask = 2147483647;
			files = (
			);
			inputFileListPaths = (
			);
			inputPaths = (
				"${PODS_PODFILE_DIR_PATH}/Podfile.lock",
				"${PODS_ROOT}/Manifest.lock",
			);
			name = "[CP] Check Pods Manifest.lock";
			outputFileListPaths = (
			);
			outputPaths = (
				"$(DERIVED_FILE_DIR)/Pods-FlixTests-checkManifestLockResult.txt",
			);
			runOnlyForDeploymentPostprocessing = 0;
			shellPath = /bin/sh;
			shellScript = "diff \"${PODS_PODFILE_DIR_PATH}/Podfile.lock\" \"${PODS_ROOT}/Manifest.lock\" > /dev/null\nif [ $? != 0 ] ; then\n    # print error to STDERR\n    echo \"error: The sandbox is not in sync with the Podfile.lock. Run 'pod install' or update your CocoaPods installation.\" >&2\n    exit 1\nfi\n# This output is used by Xcode 'outputs' to avoid re-running this script phase.\necho \"SUCCESS\" > \"${SCRIPT_OUTPUT_FILE_0}\"\n";
			showEnvVarsInLog = 0;
		};
		4D6EF5AF831D3B6ECCCB7F95 /* [CP] Embed Pods Frameworks */ = {
			isa = PBXShellScriptBuildPhase;
			buildActionMask = 2147483647;
			files = (
			);
			inputFileListPaths = (
				"${PODS_ROOT}/Target Support Files/Pods-Flix/Pods-Flix-frameworks-${CONFIGURATION}-input-files.xcfilelist",
			);
			name = "[CP] Embed Pods Frameworks";
			outputFileListPaths = (
				"${PODS_ROOT}/Target Support Files/Pods-Flix/Pods-Flix-frameworks-${CONFIGURATION}-output-files.xcfilelist",
			);
			runOnlyForDeploymentPostprocessing = 0;
			shellPath = /bin/sh;
			shellScript = "\"${PODS_ROOT}/Target Support Files/Pods-Flix/Pods-Flix-frameworks.sh\"\n";
			showEnvVarsInLog = 0;
		};
		6B9EA3EADF38B05CE6403D6D /* [CP] Check Pods Manifest.lock */ = {
			isa = PBXShellScriptBuildPhase;
			buildActionMask = 2147483647;
			files = (
			);
			inputFileListPaths = (
			);
			inputPaths = (
				"${PODS_PODFILE_DIR_PATH}/Podfile.lock",
				"${PODS_ROOT}/Manifest.lock",
			);
			name = "[CP] Check Pods Manifest.lock";
			outputFileListPaths = (
			);
			outputPaths = (
				"$(DERIVED_FILE_DIR)/Pods-Flix-checkManifestLockResult.txt",
			);
			runOnlyForDeploymentPostprocessing = 0;
			shellPath = /bin/sh;
			shellScript = "diff \"${PODS_PODFILE_DIR_PATH}/Podfile.lock\" \"${PODS_ROOT}/Manifest.lock\" > /dev/null\nif [ $? != 0 ] ; then\n    # print error to STDERR\n    echo \"error: The sandbox is not in sync with the Podfile.lock. Run 'pod install' or update your CocoaPods installation.\" >&2\n    exit 1\nfi\n# This output is used by Xcode 'outputs' to avoid re-running this script phase.\necho \"SUCCESS\" > \"${SCRIPT_OUTPUT_FILE_0}\"\n";
			showEnvVarsInLog = 0;
		};
		C6EFD3A2D847ECA302C9C5DC /* [CP] Embed Pods Frameworks */ = {
			isa = PBXShellScriptBuildPhase;
			buildActionMask = 2147483647;
			files = (
			);
			inputFileListPaths = (
				"${PODS_ROOT}/Target Support Files/Pods-Flix-FlixUITests/Pods-Flix-FlixUITests-frameworks-${CONFIGURATION}-input-files.xcfilelist",
			);
			name = "[CP] Embed Pods Frameworks";
			outputFileListPaths = (
				"${PODS_ROOT}/Target Support Files/Pods-Flix-FlixUITests/Pods-Flix-FlixUITests-frameworks-${CONFIGURATION}-output-files.xcfilelist",
			);
			runOnlyForDeploymentPostprocessing = 0;
			shellPath = /bin/sh;
			shellScript = "\"${PODS_ROOT}/Target Support Files/Pods-Flix-FlixUITests/Pods-Flix-FlixUITests-frameworks.sh\"\n";
			showEnvVarsInLog = 0;
		};
		D145896E9CAA1667AD4F0A45 /* [CP] Check Pods Manifest.lock */ = {
			isa = PBXShellScriptBuildPhase;
			buildActionMask = 2147483647;
			files = (
			);
			inputFileListPaths = (
			);
			inputPaths = (
				"${PODS_PODFILE_DIR_PATH}/Podfile.lock",
				"${PODS_ROOT}/Manifest.lock",
			);
			name = "[CP] Check Pods Manifest.lock";
			outputFileListPaths = (
			);
			outputPaths = (
				"$(DERIVED_FILE_DIR)/Pods-Flix-FlixUITests-checkManifestLockResult.txt",
			);
			runOnlyForDeploymentPostprocessing = 0;
			shellPath = /bin/sh;
			shellScript = "diff \"${PODS_PODFILE_DIR_PATH}/Podfile.lock\" \"${PODS_ROOT}/Manifest.lock\" > /dev/null\nif [ $? != 0 ] ; then\n    # print error to STDERR\n    echo \"error: The sandbox is not in sync with the Podfile.lock. Run 'pod install' or update your CocoaPods installation.\" >&2\n    exit 1\nfi\n# This output is used by Xcode 'outputs' to avoid re-running this script phase.\necho \"SUCCESS\" > \"${SCRIPT_OUTPUT_FILE_0}\"\n";
			showEnvVarsInLog = 0;
		};
/* End PBXShellScriptBuildPhase section */

/* Begin PBXSourcesBuildPhase section */
		513FD2A726838DA3000BDA12 /* Sources */ = {
			isa = PBXSourcesBuildPhase;
			buildActionMask = 2147483647;
			files = (
				513FD2B026838DA3000BDA12 /* AppDelegate.m in Sources */,
				513FD2EE2683A583000BDA12 /* MovieCell.m in Sources */,
				513FD2E5268396EC000BDA12 /* MoviesViewController.m in Sources */,
				513FD2F12683D563000BDA12 /* DetailsViewController.m in Sources */,
				513FD2C126838DA4000BDA12 /* main.m in Sources */,
				513FD2B326838DA3000BDA12 /* SceneDelegate.m in Sources */,
			);
			runOnlyForDeploymentPostprocessing = 0;
		};
		513FD2C226838DA4000BDA12 /* Sources */ = {
			isa = PBXSourcesBuildPhase;
			buildActionMask = 2147483647;
			files = (
				513FD2CB26838DA4000BDA12 /* FlixTests.m in Sources */,
			);
			runOnlyForDeploymentPostprocessing = 0;
		};
		513FD2CD26838DA4000BDA12 /* Sources */ = {
			isa = PBXSourcesBuildPhase;
			buildActionMask = 2147483647;
			files = (
				513FD2D626838DA4000BDA12 /* FlixUITests.m in Sources */,
			);
			runOnlyForDeploymentPostprocessing = 0;
		};
/* End PBXSourcesBuildPhase section */

/* Begin PBXTargetDependency section */
		513FD2C826838DA4000BDA12 /* PBXTargetDependency */ = {
			isa = PBXTargetDependency;
			target = 513FD2AA26838DA3000BDA12 /* Flix */;
			targetProxy = 513FD2C726838DA4000BDA12 /* PBXContainerItemProxy */;
		};
		513FD2D326838DA4000BDA12 /* PBXTargetDependency */ = {
			isa = PBXTargetDependency;
			target = 513FD2AA26838DA3000BDA12 /* Flix */;
			targetProxy = 513FD2D226838DA4000BDA12 /* PBXContainerItemProxy */;
		};
/* End PBXTargetDependency section */

/* Begin PBXVariantGroup section */
		513FD2B726838DA3000BDA12 /* Main.storyboard */ = {
			isa = PBXVariantGroup;
			children = (
				513FD2B826838DA3000BDA12 /* Base */,
			);
			name = Main.storyboard;
			sourceTree = "<group>";
		};
		513FD2BC26838DA4000BDA12 /* LaunchScreen.storyboard */ = {
			isa = PBXVariantGroup;
			children = (
				513FD2BD26838DA4000BDA12 /* Base */,
			);
			name = LaunchScreen.storyboard;
			sourceTree = "<group>";
		};
/* End PBXVariantGroup section */

/* Begin XCBuildConfiguration section */
		513FD2D826838DA4000BDA12 /* Debug */ = {
			isa = XCBuildConfiguration;
			buildSettings = {
				ALWAYS_SEARCH_USER_PATHS = NO;
				CLANG_ANALYZER_NONNULL = YES;
				CLANG_ANALYZER_NUMBER_OBJECT_CONVERSION = YES_AGGRESSIVE;
				CLANG_CXX_LANGUAGE_STANDARD = "gnu++14";
				CLANG_CXX_LIBRARY = "libc++";
				CLANG_ENABLE_MODULES = YES;
				CLANG_ENABLE_OBJC_ARC = YES;
				CLANG_ENABLE_OBJC_WEAK = YES;
				CLANG_WARN_BLOCK_CAPTURE_AUTORELEASING = YES;
				CLANG_WARN_BOOL_CONVERSION = YES;
				CLANG_WARN_COMMA = YES;
				CLANG_WARN_CONSTANT_CONVERSION = YES;
				CLANG_WARN_DEPRECATED_OBJC_IMPLEMENTATIONS = YES;
				CLANG_WARN_DIRECT_OBJC_ISA_USAGE = YES_ERROR;
				CLANG_WARN_DOCUMENTATION_COMMENTS = YES;
				CLANG_WARN_EMPTY_BODY = YES;
				CLANG_WARN_ENUM_CONVERSION = YES;
				CLANG_WARN_INFINITE_RECURSION = YES;
				CLANG_WARN_INT_CONVERSION = YES;
				CLANG_WARN_NON_LITERAL_NULL_CONVERSION = YES;
				CLANG_WARN_OBJC_IMPLICIT_RETAIN_SELF = YES;
				CLANG_WARN_OBJC_LITERAL_CONVERSION = YES;
				CLANG_WARN_OBJC_ROOT_CLASS = YES_ERROR;
				CLANG_WARN_QUOTED_INCLUDE_IN_FRAMEWORK_HEADER = YES;
				CLANG_WARN_RANGE_LOOP_ANALYSIS = YES;
				CLANG_WARN_STRICT_PROTOTYPES = YES;
				CLANG_WARN_SUSPICIOUS_MOVE = YES;
				CLANG_WARN_UNGUARDED_AVAILABILITY = YES_AGGRESSIVE;
				CLANG_WARN_UNREACHABLE_CODE = YES;
				CLANG_WARN__DUPLICATE_METHOD_MATCH = YES;
				COPY_PHASE_STRIP = NO;
				DEBUG_INFORMATION_FORMAT = dwarf;
				ENABLE_STRICT_OBJC_MSGSEND = YES;
				ENABLE_TESTABILITY = YES;
				GCC_C_LANGUAGE_STANDARD = gnu11;
				GCC_DYNAMIC_NO_PIC = NO;
				GCC_NO_COMMON_BLOCKS = YES;
				GCC_OPTIMIZATION_LEVEL = 0;
				GCC_PREPROCESSOR_DEFINITIONS = (
					"DEBUG=1",
					"$(inherited)",
				);
				GCC_WARN_64_TO_32_BIT_CONVERSION = YES;
				GCC_WARN_ABOUT_RETURN_TYPE = YES_ERROR;
				GCC_WARN_UNDECLARED_SELECTOR = YES;
				GCC_WARN_UNINITIALIZED_AUTOS = YES_AGGRESSIVE;
				GCC_WARN_UNUSED_FUNCTION = YES;
				GCC_WARN_UNUSED_VARIABLE = YES;
				IPHONEOS_DEPLOYMENT_TARGET = 14.5;
				MTL_ENABLE_DEBUG_INFO = INCLUDE_SOURCE;
				MTL_FAST_MATH = YES;
				ONLY_ACTIVE_ARCH = YES;
				SDKROOT = iphoneos;
			};
			name = Debug;
		};
		513FD2D926838DA4000BDA12 /* Release */ = {
			isa = XCBuildConfiguration;
			buildSettings = {
				ALWAYS_SEARCH_USER_PATHS = NO;
				CLANG_ANALYZER_NONNULL = YES;
				CLANG_ANALYZER_NUMBER_OBJECT_CONVERSION = YES_AGGRESSIVE;
				CLANG_CXX_LANGUAGE_STANDARD = "gnu++14";
				CLANG_CXX_LIBRARY = "libc++";
				CLANG_ENABLE_MODULES = YES;
				CLANG_ENABLE_OBJC_ARC = YES;
				CLANG_ENABLE_OBJC_WEAK = YES;
				CLANG_WARN_BLOCK_CAPTURE_AUTORELEASING = YES;
				CLANG_WARN_BOOL_CONVERSION = YES;
				CLANG_WARN_COMMA = YES;
				CLANG_WARN_CONSTANT_CONVERSION = YES;
				CLANG_WARN_DEPRECATED_OBJC_IMPLEMENTATIONS = YES;
				CLANG_WARN_DIRECT_OBJC_ISA_USAGE = YES_ERROR;
				CLANG_WARN_DOCUMENTATION_COMMENTS = YES;
				CLANG_WARN_EMPTY_BODY = YES;
				CLANG_WARN_ENUM_CONVERSION = YES;
				CLANG_WARN_INFINITE_RECURSION = YES;
				CLANG_WARN_INT_CONVERSION = YES;
				CLANG_WARN_NON_LITERAL_NULL_CONVERSION = YES;
				CLANG_WARN_OBJC_IMPLICIT_RETAIN_SELF = YES;
				CLANG_WARN_OBJC_LITERAL_CONVERSION = YES;
				CLANG_WARN_OBJC_ROOT_CLASS = YES_ERROR;
				CLANG_WARN_QUOTED_INCLUDE_IN_FRAMEWORK_HEADER = YES;
				CLANG_WARN_RANGE_LOOP_ANALYSIS = YES;
				CLANG_WARN_STRICT_PROTOTYPES = YES;
				CLANG_WARN_SUSPICIOUS_MOVE = YES;
				CLANG_WARN_UNGUARDED_AVAILABILITY = YES_AGGRESSIVE;
				CLANG_WARN_UNREACHABLE_CODE = YES;
				CLANG_WARN__DUPLICATE_METHOD_MATCH = YES;
				COPY_PHASE_STRIP = NO;
				DEBUG_INFORMATION_FORMAT = "dwarf-with-dsym";
				ENABLE_NS_ASSERTIONS = NO;
				ENABLE_STRICT_OBJC_MSGSEND = YES;
				GCC_C_LANGUAGE_STANDARD = gnu11;
				GCC_NO_COMMON_BLOCKS = YES;
				GCC_WARN_64_TO_32_BIT_CONVERSION = YES;
				GCC_WARN_ABOUT_RETURN_TYPE = YES_ERROR;
				GCC_WARN_UNDECLARED_SELECTOR = YES;
				GCC_WARN_UNINITIALIZED_AUTOS = YES_AGGRESSIVE;
				GCC_WARN_UNUSED_FUNCTION = YES;
				GCC_WARN_UNUSED_VARIABLE = YES;
				IPHONEOS_DEPLOYMENT_TARGET = 14.5;
				MTL_ENABLE_DEBUG_INFO = NO;
				MTL_FAST_MATH = YES;
				SDKROOT = iphoneos;
				VALIDATE_PRODUCT = YES;
			};
			name = Release;
		};
		513FD2DB26838DA4000BDA12 /* Debug */ = {
			isa = XCBuildConfiguration;
			baseConfigurationReference = 0B0ECBA2C8B16E9893579CE2 /* Pods-Flix.debug.xcconfig */;
			buildSettings = {
				ASSETCATALOG_COMPILER_APPICON_NAME = AppIcon;
				ASSETCATALOG_COMPILER_GLOBAL_ACCENT_COLOR_NAME = AccentColor;
				CODE_SIGN_STYLE = Automatic;
				DEVELOPMENT_TEAM = MYK873B4V2;
				INFOPLIST_FILE = Flix/Info.plist;
				LD_RUNPATH_SEARCH_PATHS = (
					"$(inherited)",
					"@executable_path/Frameworks",
				);
				PRODUCT_BUNDLE_IDENTIFIER = com.comcast.Flix;
				PRODUCT_NAME = "$(TARGET_NAME)";
				TARGETED_DEVICE_FAMILY = "1,2";
			};
			name = Debug;
		};
		513FD2DC26838DA4000BDA12 /* Release */ = {
			isa = XCBuildConfiguration;
			baseConfigurationReference = 204D8B60707AAB44AFF65C8A /* Pods-Flix.release.xcconfig */;
			buildSettings = {
				ASSETCATALOG_COMPILER_APPICON_NAME = AppIcon;
				ASSETCATALOG_COMPILER_GLOBAL_ACCENT_COLOR_NAME = AccentColor;
				CODE_SIGN_STYLE = Automatic;
				DEVELOPMENT_TEAM = MYK873B4V2;
				INFOPLIST_FILE = Flix/Info.plist;
				LD_RUNPATH_SEARCH_PATHS = (
					"$(inherited)",
					"@executable_path/Frameworks",
				);
				PRODUCT_BUNDLE_IDENTIFIER = com.comcast.Flix;
				PRODUCT_NAME = "$(TARGET_NAME)";
				TARGETED_DEVICE_FAMILY = "1,2";
			};
			name = Release;
		};
		513FD2DE26838DA4000BDA12 /* Debug */ = {
			isa = XCBuildConfiguration;
			baseConfigurationReference = D7EF9C3F2ECC47710B38876F /* Pods-FlixTests.debug.xcconfig */;
			buildSettings = {
				BUNDLE_LOADER = "$(TEST_HOST)";
				CODE_SIGN_STYLE = Automatic;
				DEVELOPMENT_TEAM = MYK873B4V2;
				INFOPLIST_FILE = FlixTests/Info.plist;
				IPHONEOS_DEPLOYMENT_TARGET = 14.5;
				LD_RUNPATH_SEARCH_PATHS = (
					"$(inherited)",
					"@executable_path/Frameworks",
					"@loader_path/Frameworks",
				);
				PRODUCT_BUNDLE_IDENTIFIER = com.comcast.FlixTests;
				PRODUCT_NAME = "$(TARGET_NAME)";
				TARGETED_DEVICE_FAMILY = "1,2";
				TEST_HOST = "$(BUILT_PRODUCTS_DIR)/Flix.app/Flix";
			};
			name = Debug;
		};
		513FD2DF26838DA4000BDA12 /* Release */ = {
			isa = XCBuildConfiguration;
			baseConfigurationReference = 15E7D8A9B697B8D781AED462 /* Pods-FlixTests.release.xcconfig */;
			buildSettings = {
				BUNDLE_LOADER = "$(TEST_HOST)";
				CODE_SIGN_STYLE = Automatic;
				DEVELOPMENT_TEAM = MYK873B4V2;
				INFOPLIST_FILE = FlixTests/Info.plist;
				IPHONEOS_DEPLOYMENT_TARGET = 14.5;
				LD_RUNPATH_SEARCH_PATHS = (
					"$(inherited)",
					"@executable_path/Frameworks",
					"@loader_path/Frameworks",
				);
				PRODUCT_BUNDLE_IDENTIFIER = com.comcast.FlixTests;
				PRODUCT_NAME = "$(TARGET_NAME)";
				TARGETED_DEVICE_FAMILY = "1,2";
				TEST_HOST = "$(BUILT_PRODUCTS_DIR)/Flix.app/Flix";
			};
			name = Release;
		};
		513FD2E126838DA4000BDA12 /* Debug */ = {
			isa = XCBuildConfiguration;
			baseConfigurationReference = 4E40FECBDC328AC3ADE5F6CC /* Pods-Flix-FlixUITests.debug.xcconfig */;
			buildSettings = {
				CODE_SIGN_STYLE = Automatic;
				DEVELOPMENT_TEAM = MYK873B4V2;
				INFOPLIST_FILE = FlixUITests/Info.plist;
				LD_RUNPATH_SEARCH_PATHS = (
					"$(inherited)",
					"@executable_path/Frameworks",
					"@loader_path/Frameworks",
				);
				PRODUCT_BUNDLE_IDENTIFIER = com.comcast.FlixUITests;
				PRODUCT_NAME = "$(TARGET_NAME)";
				TARGETED_DEVICE_FAMILY = "1,2";
				TEST_TARGET_NAME = Flix;
			};
			name = Debug;
		};
		513FD2E226838DA4000BDA12 /* Release */ = {
			isa = XCBuildConfiguration;
			baseConfigurationReference = 5D41BFAFBD6C15D52003A319 /* Pods-Flix-FlixUITests.release.xcconfig */;
			buildSettings = {
				CODE_SIGN_STYLE = Automatic;
				DEVELOPMENT_TEAM = MYK873B4V2;
				INFOPLIST_FILE = FlixUITests/Info.plist;
				LD_RUNPATH_SEARCH_PATHS = (
					"$(inherited)",
					"@executable_path/Frameworks",
					"@loader_path/Frameworks",
				);
				PRODUCT_BUNDLE_IDENTIFIER = com.comcast.FlixUITests;
				PRODUCT_NAME = "$(TARGET_NAME)";
				TARGETED_DEVICE_FAMILY = "1,2";
				TEST_TARGET_NAME = Flix;
			};
			name = Release;
		};
/* End XCBuildConfiguration section */

/* Begin XCConfigurationList section */
		513FD2A626838DA3000BDA12 /* Build configuration list for PBXProject "Flix" */ = {
			isa = XCConfigurationList;
			buildConfigurations = (
				513FD2D826838DA4000BDA12 /* Debug */,
				513FD2D926838DA4000BDA12 /* Release */,
			);
			defaultConfigurationIsVisible = 0;
			defaultConfigurationName = Release;
		};
		513FD2DA26838DA4000BDA12 /* Build configuration list for PBXNativeTarget "Flix" */ = {
			isa = XCConfigurationList;
			buildConfigurations = (
				513FD2DB26838DA4000BDA12 /* Debug */,
				513FD2DC26838DA4000BDA12 /* Release */,
			);
			defaultConfigurationIsVisible = 0;
			defaultConfigurationName = Release;
		};
		513FD2DD26838DA4000BDA12 /* Build configuration list for PBXNativeTarget "FlixTests" */ = {
			isa = XCConfigurationList;
			buildConfigurations = (
				513FD2DE26838DA4000BDA12 /* Debug */,
				513FD2DF26838DA4000BDA12 /* Release */,
			);
			defaultConfigurationIsVisible = 0;
			defaultConfigurationName = Release;
		};
		513FD2E026838DA4000BDA12 /* Build configuration list for PBXNativeTarget "FlixUITests" */ = {
			isa = XCConfigurationList;
			buildConfigurations = (
				513FD2E126838DA4000BDA12 /* Debug */,
				513FD2E226838DA4000BDA12 /* Release */,
			);
			defaultConfigurationIsVisible = 0;
			defaultConfigurationName = Release;
		};
/* End XCConfigurationList section */
	};
	rootObject = 513FD2A326838DA3000BDA12 /* Project object */;
}
